
Microsoft Visual Studio Solution File, Format Version 12.00
# Visual Studio 15
VisualStudioVersion = 15.0.28010.2003
MinimumVisualStudioVersion = 10.0.40219.1
Project("{9A19103F-16F7-4668-BE54-9A1E7A4F7556}") = "TheBlueSky.DotNet.Tools.SwiftHash", "src\TheBlueSky.DotNet.Tools.SwiftHash.csproj", "{7A6D0A2C-B917-47B8-AD7B-352DBF10C998}"
EndProject
Global
	GlobalSection(SolutionConfigurationPlatforms) = preSolution
		Debug|Any CPU = Debug|Any CPU
		Release|Any CPU = Release|Any CPU
	EndGlobalSection
	GlobalSection(ProjectConfigurationPlatforms) = postSolution
		{7A6D0A2C-B917-47B8-AD7B-352DBF10C998}.Debug|Any CPU.ActiveCfg = Debug|Any CPU
		{7A6D0A2C-B917-47B8-AD7B-352DBF10C998}.Debug|Any CPU.Build.0 = Debug|Any CPU
		{7A6D0A2C-B917-47B8-AD7B-352DBF10C998}.Release|Any CPU.ActiveCfg = Release|Any CPU
		{7A6D0A2C-B917-47B8-AD7B-352DBF10C998}.Release|Any CPU.Build.0 = Release|Any CPU
	EndGlobalSection
	GlobalSection(SolutionProperties) = preSolution
		HideSolutionNode = FALSE
	EndGlobalSection
	GlobalSection(ExtensibilityGlobals) = postSolution
		SolutionGuid = {623B9CB2-32E5-490D-9028-076C2FB6F760}
	EndGlobalSection
EndGlobal
